{
  "name": "first-ts",
  "version": "1.0.0",
  "lockfileVersion": 1,
  "requires": true,
  "dependencies": {
    "@types/bson": {
      "version": "4.0.3",
      "resolved": "https://registry.npm.taobao.org/@types/bson/download/@types/bson-4.0.3.tgz?cache=0&sync_timestamp=1603160113609&other_urls=https%3A%2F%2Fregistry.npm.taobao.org%2F%40types%2Fbson%2Fdownload%2F%40types%2Fbson-4.0.3.tgz",
      "integrity": "sha1-MIidL/3mJiq744ZZNkxjFFSZn78=",
      "requires": {
        "@types/node": "*"
      }
    },
    "@types/file-size": {
      "version": "1.0.0",
      "resolved": "https://registry.npm.taobao.org/@types/file-size/download/@types/file-size-1.0.0.tgz",
      "integrity": "sha1-u8qdr/ZfF1fCYB8/GDvlXMJXYwY=",
      "dev": true
    },
    "@types/ioredis": {
      "version": "4.19.3",
      "resolved": "https://registry.npm.taobao.org/@types/ioredis/download/@types/ioredis-4.19.3.tgz?cache=0&sync_timestamp=1611863812965&other_urls=https%3A%2F%2Fregistry.npm.taobao.org%2F%40types%2Fioredis%2Fdownload%2F%40types%2Fioredis-4.19.3.tgz",
      "integrity": "sha1-V3VI+9AyAO+SqB/XRYmTFsbyiRc=",
      "dev": true,
      "requires": {
        "@types/node": "*"
      }
    },
    "@types/minipass": {
      "version": "2.2.0",
      "resolved": "https://registry.npm.taobao.org/@types/minipass/download/@types/minipass-2.2.0.tgz",
      "integrity": "sha1-Ua1ATo6x+pYfdexhIFeWgHtvllE=",
      "requires": {
        "@types/node": "*"
      }
    },
    "@types/mongodb": {
      "version": "3.6.9",
      "resolved": "https://registry.npm.taobao.org/@types/mongodb/download/@types/mongodb-3.6.9.tgz?cache=0&sync_timestamp=1615051880819&other_urls=https%3A%2F%2Fregistry.npm.taobao.org%2F%40types%2Fmongodb%2Fdownload%2F%40types%2Fmongodb-3.6.9.tgz",
      "integrity": "sha1-VfflsE8zkEoS1vCrT10RmlBireQ=",
      "requires": {
        "@types/bson": "*",
        "@types/node": "*"
      }
    },
    "@types/mongodb-uri": {
      "version": "0.9.0",
      "resolved": "https://registry.npm.taobao.org/@types/mongodb-uri/download/@types/mongodb-uri-0.9.0.tgz",
      "integrity": "sha1-+HnTQnnHSU9QdyL8dmDQpaajLXI=",
      "dev": true
    },
    "@types/node": {
      "version": "13.13.30",
      "resolved": "https://registry.npm.taobao.org/@types/node/download/@types/node-13.13.30.tgz?cache=0&sync_timestamp=1603910973093&other_urls=https%3A%2F%2Fregistry.npm.taobao.org%2F%40types%2Fnode%2Fdownload%2F%40types%2Fnode-13.13.30.tgz",
      "integrity": "sha1-HtbgHkyldtWuycyALMO8+UwnQZI="
    },
    "@types/puppeteer": {
      "version": "5.4.2",
      "resolved": "https://registry.npm.taobao.org/@types/puppeteer/download/@types/puppeteer-5.4.2.tgz",
      "integrity": "sha1-gPOh9U3tu/dQd5cW3oFAFUkGIHI=",
      "dev": true,
      "requires": {
        "@types/node": "*"
      }
    },
    "@types/tar": {
      "version": "4.0.3",
      "resolved": "https://registry.npm.taobao.org/@types/tar/download/@types/tar-4.0.3.tgz",
      "integrity": "sha1-4szguP9PKFKTJD9Zcb1xmRdqxIk=",
      "requires": {
        "@types/minipass": "*",
        "@types/node": "*"
      }
    },
    "@types/turndown": {
      "version": "5.0.0",
      "resolved": "https://registry.npm.taobao.org/@types/turndown/download/@types/turndown-5.0.0.tgz",
      "integrity": "sha1-K3Y7NveD5OI3zqYs3I+FkrcrkoU=",
      "dev": true
    },
    "arg": {
      "version": "4.1.3",
      "resolved": "https://registry.npm.taobao.org/arg/download/arg-4.1.3.tgz",
      "integrity": "sha1-Jp/HrVuOQstjyJbVZmAXJhwUQIk=",
      "dev": true
    },
    "asynckit": {
      "version": "0.4.0",
      "resolved": "https://registry.npm.taobao.org/asynckit/download/asynckit-0.4.0.tgz",
      "integrity": "sha1-x57Zf380y48robyXkLzDZkdLS3k=",
      "dev": true
    },
    "axios": {
      "version": "0.21.1",
      "resolved": "https://registry.npmjs.org/axios/-/axios-0.21.1.tgz",
      "integrity": "sha512-dKQiRHxGD9PPRIUNIWvZhPTPpl1rf/OxTYKsqKUDjBwYylTvV7SjSHJb9ratfyzM6wCdLCOYLzs73qpg5c4iGA==",
      "dev": true,
      "requires": {
        "follow-redirects": "^1.10.0"
      }
    },
    "bindings": {
      "version": "1.5.0",
      "resolved": "https://registry.npm.taobao.org/bindings/download/bindings-1.5.0.tgz",
      "integrity": "sha1-EDU8npRTNLwFEabZCzj7x8nFBN8=",
      "requires": {
        "file-uri-to-path": "1.0.0"
      }
    },
    "bson": {
      "version": "1.0.9",
      "resolved": "https://registry.npm.taobao.org/bson/download/bson-1.0.9.tgz",
      "integrity": "sha1-EjGfgyOxJUc5t8a++NPomuBaL1c="
    },
    "buffer-from": {
      "version": "1.1.1",
      "resolved": "https://registry.npm.taobao.org/buffer-from/download/buffer-from-1.1.1.tgz",
      "integrity": "sha1-MnE7wCj3XAL9txDXx7zsHyxgcO8=",
      "dev": true
    },
    "buffer-shims": {
      "version": "1.0.0",
      "resolved": "https://registry.npm.taobao.org/buffer-shims/download/buffer-shims-1.0.0.tgz",
      "integrity": "sha1-mXjOMXOIxkmth5MCjDR37wRKi1E="
    },
    "chownr": {
      "version": "2.0.0",
      "resolved": "https://registry.npm.taobao.org/chownr/download/chownr-2.0.0.tgz?cache=0&other_urls=https%3A%2F%2Fregistry.npm.taobao.org%2Fchownr%2Fdownload%2Fchownr-2.0.0.tgz",
      "integrity": "sha1-Fb++U9LqtM9w8YqM1o6+Wzyx3s4="
    },
    "cluster-key-slot": {
      "version": "1.1.0",
      "resolved": "https://registry.npm.taobao.org/cluster-key-slot/download/cluster-key-slot-1.1.0.tgz",
      "integrity": "sha1-MEdLKpgfsSFyaVgzBSvA0BM20Q0="
    },
    "combined-stream": {
      "version": "1.0.8",
      "resolved": "https://registry.npm.taobao.org/combined-stream/download/combined-stream-1.0.8.tgz",
      "integrity": "sha1-w9RaizT9cwYxoRCoolIGgrMdWn8=",
      "dev": true,
      "requires": {
        "delayed-stream": "~1.0.0"
      }
    },
    "core-util-is": {
      "version": "1.0.2",
      "resolved": "https://registry.npm.taobao.org/core-util-is/download/core-util-is-1.0.2.tgz",
      "integrity": "sha1-tf1UIgqivFq1eqtxQMlAdUUDwac="
    },
    "debug": {
      "version": "4.3.1",
      "resolved": "https://registry.npm.taobao.org/debug/download/debug-4.3.1.tgz?cache=0&sync_timestamp=1607566533140&other_urls=https%3A%2F%2Fregistry.npm.taobao.org%2Fdebug%2Fdownload%2Fdebug-4.3.1.tgz",
      "integrity": "sha1-8NIpxQXgxtjEmsVT0bE9wYP2su4=",
      "requires": {
        "ms": "2.1.2"
      }
    },
    "delayed-stream": {
      "version": "1.0.0",
      "resolved": "https://registry.npm.taobao.org/delayed-stream/download/delayed-stream-1.0.0.tgz",
      "integrity": "sha1-3zrhmayt+31ECqrgsp4icrJOxhk=",
      "dev": true
    },
    "denque": {
      "version": "1.4.1",
      "resolved": "https://registry.npm.taobao.org/denque/download/denque-1.4.1.tgz",
      "integrity": "sha1-Z0T/dkHBSMP4ppwwflEjXB9KN88="
    },
    "diff": {
      "version": "4.0.2",
      "resolved": "https://registry.npm.taobao.org/diff/download/diff-4.0.2.tgz?cache=0&sync_timestamp=1578890967183&other_urls=https%3A%2F%2Fregistry.npm.taobao.org%2Fdiff%2Fdownload%2Fdiff-4.0.2.tgz",
      "integrity": "sha1-YPOuy4nV+uUgwRqhnvwruYKq3n0=",
      "dev": true
    },
    "domino": {
      "version": "2.1.6",
      "resolved": "https://registry.npm.taobao.org/domino/download/domino-2.1.6.tgz",
      "integrity": "sha1-/krOQxBSbl57nRLH3gG39IWlf/4="
    },
    "es6-promise": {
      "version": "3.2.1",
      "resolved": "https://registry.npm.taobao.org/es6-promise/download/es6-promise-3.2.1.tgz",
      "integrity": "sha1-7FYjOGgDKQkgcXDDlEjiREndH8Q="
    },
    "file-size": {
      "version": "1.0.0",
      "resolved": "https://registry.npm.taobao.org/file-size/download/file-size-1.0.0.tgz",
      "integrity": "sha1-MzgmfV0ga79g9N9gwZ1+04E6Rlc=",
      "dev": true
    },
    "file-uri-to-path": {
      "version": "1.0.0",
      "resolved": "https://registry.npm.taobao.org/file-uri-to-path/download/file-uri-to-path-1.0.0.tgz",
      "integrity": "sha1-VTp7hEb/b2hDWcRF8eN6BdrMM90="
    },
    "follow-redirects": {
      "version": "1.13.1",
      "resolved": "https://registry.npmjs.org/follow-redirects/-/follow-redirects-1.13.1.tgz",
      "integrity": "sha512-SSG5xmZh1mkPGyKzjZP8zLjltIfpW32Y5QpdNJyjcfGxK3qo3NDDkZOZSFiGn1A6SclQxY9GzEwAHQ3dmYRWpg==",
      "dev": true
    },
    "form-data": {
      "version": "3.0.0",
      "resolved": "https://registry.npm.taobao.org/form-data/download/form-data-3.0.0.tgz",
      "integrity": "sha1-MbfjnIXxNVtxOe4MZHzw3n+DxoI=",
      "dev": true,
      "requires": {
        "asynckit": "^0.4.0",
        "combined-stream": "^1.0.8",
        "mime-types": "^2.1.12"
      }
    },
    "fs-minipass": {
      "version": "2.1.0",
      "resolved": "https://registry.npm.taobao.org/fs-minipass/download/fs-minipass-2.1.0.tgz?cache=0&sync_timestamp=1579628575109&other_urls=https%3A%2F%2Fregistry.npm.taobao.org%2Ffs-minipass%2Fdownload%2Ffs-minipass-2.1.0.tgz",
      "integrity": "sha1-f1A2/b8SxjwWkZDL5BmchSJx+fs=",
      "requires": {
        "minipass": "^3.0.0"
      }
    },
    "heapdump": {
      "version": "0.3.15",
      "resolved": "https://registry.npm.taobao.org/heapdump/download/heapdump-0.3.15.tgz",
      "integrity": "sha1-YxqKJYVYjqZHeNjsgKZMbAJfagg=",
      "requires": {
        "nan": "^2.13.2"
      }
    },
    "inherits": {
      "version": "2.0.4",
      "resolved": "https://registry.npm.taobao.org/inherits/download/inherits-2.0.4.tgz",
      "integrity": "sha1-D6LGT5MpF8NDOg3tVTY6rjdBa3w="
    },
    "ioredis": {
      "version": "4.19.4",
      "resolved": "https://registry.npm.taobao.org/ioredis/download/ioredis-4.19.4.tgz",
      "integrity": "sha1-EREgBfh606ysJHraOyLrMblH98c=",
      "requires": {
        "cluster-key-slot": "^1.1.0",
        "debug": "^4.1.1",
        "denque": "^1.1.0",
        "lodash.defaults": "^4.2.0",
        "lodash.flatten": "^4.4.0",
        "p-map": "^2.1.0",
        "redis-commands": "1.6.0",
        "redis-errors": "^1.2.0",
        "redis-parser": "^3.0.0",
        "standard-as-callback": "^2.0.1"
      }
    },
    "isarray": {
      "version": "1.0.0",
      "resolved": "https://registry.npm.taobao.org/isarray/download/isarray-1.0.0.tgz",
      "integrity": "sha1-u5NdSFgsuhaMBoNJV6VKPgcSTxE="
    },
    "kafkajs": {
      "version": "1.14.0",
      "resolved": "https://registry.npm.taobao.org/kafkajs/download/kafkajs-1.14.0.tgz",
      "integrity": "sha1-PZmKd7/eVNxQLo6IaQ7t8LIaHtY="
    },
    "lodash.defaults": {
      "version": "4.2.0",
      "resolved": "https://registry.npm.taobao.org/lodash.defaults/download/lodash.defaults-4.2.0.tgz?cache=0&sync_timestamp=1571657646879&other_urls=https%3A%2F%2Fregistry.npm.taobao.org%2Flodash.defaults%2Fdownload%2Flodash.defaults-4.2.0.tgz",
      "integrity": "sha1-0JF4cW/+pN3p5ft7N/bwgCJ0WAw="
    },
    "lodash.flatten": {
      "version": "4.4.0",
      "resolved": "https://registry.npm.taobao.org/lodash.flatten/download/lodash.flatten-4.4.0.tgz",
      "integrity": "sha1-8xwiIlqWMtK7+OSt2+8kCqdlph8="
    },
    "make-error": {
      "version": "1.3.6",
      "resolved": "https://registry.npm.taobao.org/make-error/download/make-error-1.3.6.tgz",
      "integrity": "sha1-LrLjfqm2fEiR9oShOUeZr0hM96I=",
      "dev": true
    },
    "mime": {
      "version": "2.4.6",
      "resolved": "https://registry.npm.taobao.org/mime/download/mime-2.4.6.tgz?cache=0&sync_timestamp=1590635592890&other_urls=https%3A%2F%2Fregistry.npm.taobao.org%2Fmime%2Fdownload%2Fmime-2.4.6.tgz",
      "integrity": "sha1-5bQHyQ20QvK+tbFiNz0Htpr/pNE=",
      "dev": true
    },
    "mime-db": {
      "version": "1.44.0",
      "resolved": "https://registry.npm.taobao.org/mime-db/download/mime-db-1.44.0.tgz?cache=0&sync_timestamp=1587603342053&other_urls=https%3A%2F%2Fregistry.npm.taobao.org%2Fmime-db%2Fdownload%2Fmime-db-1.44.0.tgz",
      "integrity": "sha1-+hHF6wrKEzS0Izy01S8QxaYnL5I=",
      "dev": true
    },
    "mime-types": {
      "version": "2.1.27",
      "resolved": "https://registry.npm.taobao.org/mime-types/download/mime-types-2.1.27.tgz",
      "integrity": "sha1-R5SfmOJ56lMRn1ci4PNOUpvsAJ8=",
      "dev": true,
      "requires": {
        "mime-db": "1.44.0"
      }
    },
    "minipass": {
      "version": "3.1.3",
      "resolved": "https://registry.npm.taobao.org/minipass/download/minipass-3.1.3.tgz?cache=0&sync_timestamp=1589683712023&other_urls=https%3A%2F%2Fregistry.npm.taobao.org%2Fminipass%2Fdownload%2Fminipass-3.1.3.tgz",
      "integrity": "sha1-fUL/HzljVILhX5zbUxhN7r1YFf0=",
      "requires": {
        "yallist": "^4.0.0"
      }
    },
    "minizlib": {
      "version": "2.1.2",
      "resolved": "https://registry.npm.taobao.org/minizlib/download/minizlib-2.1.2.tgz?cache=0&other_urls=https%3A%2F%2Fregistry.npm.taobao.org%2Fminizlib%2Fdownload%2Fminizlib-2.1.2.tgz",
      "integrity": "sha1-6Q00Zrogm5MkUVCKEc49NjIUWTE=",
      "requires": {
        "minipass": "^3.0.0",
        "yallist": "^4.0.0"
      }
    },
    "mkdirp": {
      "version": "1.0.4",
      "resolved": "https://registry.npm.taobao.org/mkdirp/download/mkdirp-1.0.4.tgz?cache=0&sync_timestamp=1587535418745&other_urls=https%3A%2F%2Fregistry.npm.taobao.org%2Fmkdirp%2Fdownload%2Fmkdirp-1.0.4.tgz",
      "integrity": "sha1-PrXtYmInVteaXw4qIh3+utdcL34="
    },
    "mongodb": {
      "version": "2.2.36",
      "resolved": "https://registry.npm.taobao.org/mongodb/download/mongodb-2.2.36.tgz?cache=0&sync_timestamp=1612308890602&other_urls=https%3A%2F%2Fregistry.npm.taobao.org%2Fmongodb%2Fdownload%2Fmongodb-2.2.36.tgz",
      "integrity": "sha1-HFc2gLKEn7D0esu6PcX6Io3pdfU=",
      "requires": {
        "es6-promise": "3.2.1",
        "mongodb-core": "2.1.20",
        "readable-stream": "2.2.7"
      }
    },
    "mongodb-core": {
      "version": "2.1.20",
      "resolved": "https://registry.npm.taobao.org/mongodb-core/download/mongodb-core-2.1.20.tgz",
      "integrity": "sha1-/s6N12tZ7n1/LTE7ZTIsFgSS2PE=",
      "requires": {
        "bson": "~1.0.4",
        "require_optional": "~1.0.0"
      }
    },
    "mongodb-uri": {
      "version": "0.9.7",
      "resolved": "https://registry.npm.taobao.org/mongodb-uri/download/mongodb-uri-0.9.7.tgz",
      "integrity": "sha1-D3ca0W9IOuZfQoeWlCjp+8SqYYE="
    },
    "ms": {
      "version": "2.1.2",
      "resolved": "https://registry.npm.taobao.org/ms/download/ms-2.1.2.tgz?cache=0&sync_timestamp=1607433842694&other_urls=https%3A%2F%2Fregistry.npm.taobao.org%2Fms%2Fdownload%2Fms-2.1.2.tgz",
      "integrity": "sha1-0J0fNXtEP0kzgqjrPM0YOHKuYAk="
    },
    "nan": {
      "version": "2.14.0",
      "resolved": "https://registry.npm.taobao.org/nan/download/nan-2.14.0.tgz",
      "integrity": "sha1-eBj3IgJ7JFmobwKV1DTR/CM2xSw="
    },
    "node-rdkafka": {
      "version": "2.10.0",
      "resolved": "https://registry.npm.taobao.org/node-rdkafka/download/node-rdkafka-2.10.0.tgz",
      "integrity": "sha1-HcTAISRcbiv8n1KFEWL7lgEE9tE=",
      "requires": {
        "bindings": "^1.3.1",
        "nan": "^2.14.0"
      }
    },
    "p-map": {
      "version": "2.1.0",
      "resolved": "https://registry.npm.taobao.org/p-map/download/p-map-2.1.0.tgz",
      "integrity": "sha1-MQko/u+cnsxltosXaTAYpmXOoXU="
    },
    "process-nextick-args": {
      "version": "1.0.7",
      "resolved": "https://registry.npm.taobao.org/process-nextick-args/download/process-nextick-args-1.0.7.tgz",
      "integrity": "sha1-FQ4gt1ZZCtP5EJPyWk8q2L/zC6M="
    },
    "readable-stream": {
      "version": "2.2.7",
      "resolved": "https://registry.npm.taobao.org/readable-stream/download/readable-stream-2.2.7.tgz?cache=0&sync_timestamp=1581624324274&other_urls=https%3A%2F%2Fregistry.npm.taobao.org%2Freadable-stream%2Fdownload%2Freadable-stream-2.2.7.tgz",
      "integrity": "sha1-BwV6y+JGeyIELTb5jFrVBwVOlbE=",
      "requires": {
        "buffer-shims": "~1.0.0",
        "core-util-is": "~1.0.0",
        "inherits": "~2.0.1",
        "isarray": "~1.0.0",
        "process-nextick-args": "~1.0.6",
        "string_decoder": "~1.0.0",
        "util-deprecate": "~1.0.1"
      }
    },
    "redis-commands": {
      "version": "1.6.0",
      "resolved": "https://registry.npm.taobao.org/redis-commands/download/redis-commands-1.6.0.tgz?cache=0&sync_timestamp=1595989546883&other_urls=https%3A%2F%2Fregistry.npm.taobao.org%2Fredis-commands%2Fdownload%2Fredis-commands-1.6.0.tgz",
      "integrity": "sha1-NtTKQq6e0pgVzbMK2fl5guuhziM="
    },
    "redis-errors": {
      "version": "1.2.0",
      "resolved": "https://registry.npm.taobao.org/redis-errors/download/redis-errors-1.2.0.tgz",
      "integrity": "sha1-62LSrbFeTq9GEMBK/hUpOEJQq60="
    },
    "redis-parser": {
      "version": "3.0.0",
      "resolved": "https://registry.npm.taobao.org/redis-parser/download/redis-parser-3.0.0.tgz",
      "integrity": "sha1-tm2CjNyv5rS4pCin3vTGvKwxyLQ=",
      "requires": {
        "redis-errors": "^1.0.0"
      }
    },
    "require_optional": {
      "version": "1.0.1",
      "resolved": "https://registry.npm.taobao.org/require_optional/download/require_optional-1.0.1.tgz",
      "integrity": "sha1-TPNaQkf2TKPfjC7yCMxJSxyo/C4=",
      "requires": {
        "resolve-from": "^2.0.0",
        "semver": "^5.1.0"
      }
    },
    "resolve-from": {
      "version": "2.0.0",
      "resolved": "https://registry.npm.taobao.org/resolve-from/download/resolve-from-2.0.0.tgz",
      "integrity": "sha1-lICrIOlP+h2egKgEx+oUdhGWa1c="
    },
    "safe-buffer": {
      "version": "5.1.2",
      "resolved": "https://registry.npm.taobao.org/safe-buffer/download/safe-buffer-5.1.2.tgz",
      "integrity": "sha1-mR7GnSluAxN0fVm9/St0XDX4go0="
    },
    "semver": {
      "version": "5.7.1",
      "resolved": "https://registry.npm.taobao.org/semver/download/semver-5.7.1.tgz",
      "integrity": "sha1-qVT5Ma66UI0we78Gnv8MAclhFvc="
    },
    "source-map": {
      "version": "0.6.1",
      "resolved": "https://registry.npm.taobao.org/source-map/download/source-map-0.6.1.tgz?cache=0&sync_timestamp=1571657176668&other_urls=https%3A%2F%2Fregistry.npm.taobao.org%2Fsource-map%2Fdownload%2Fsource-map-0.6.1.tgz",
      "integrity": "sha1-dHIq8y6WFOnCh6jQu95IteLxomM=",
      "dev": true
    },
    "source-map-support": {
      "version": "0.5.19",
      "resolved": "https://registry.npm.taobao.org/source-map-support/download/source-map-support-0.5.19.tgz?cache=0&sync_timestamp=1587719289626&other_urls=https%3A%2F%2Fregistry.npm.taobao.org%2Fsource-map-support%2Fdownload%2Fsource-map-support-0.5.19.tgz",
      "integrity": "sha1-qYti+G3K9PZzmWSMCFKRq56P7WE=",
      "dev": true,
      "requires": {
        "buffer-from": "^1.0.0",
        "source-map": "^0.6.0"
      }
    },
    "standard-as-callback": {
      "version": "2.0.1",
      "resolved": "https://registry.npm.taobao.org/standard-as-callback/download/standard-as-callback-2.0.1.tgz",
      "integrity": "sha1-7YuyVkjhWDF1m2Ajvbh+a2CzgSY="
    },
    "string_decoder": {
      "version": "1.0.3",
      "resolved": "https://registry.npm.taobao.org/string_decoder/download/string_decoder-1.0.3.tgz",
      "integrity": "sha1-D8Z9fBQYJd6UKC3VNr7GubzoYKs=",
      "requires": {
        "safe-buffer": "~5.1.0"
      }
    },
    "tar": {
      "version": "6.0.5",
      "resolved": "https://registry.npm.taobao.org/tar/download/tar-6.0.5.tgz?cache=0&other_urls=https%3A%2F%2Fregistry.npm.taobao.org%2Ftar%2Fdownload%2Ftar-6.0.5.tgz",
      "integrity": "sha1-vegVCG4Qs58dzSmOidWW4VNeIA8=",
      "requires": {
        "chownr": "^2.0.0",
        "fs-minipass": "^2.0.0",
        "minipass": "^3.0.0",
        "minizlib": "^2.1.1",
        "mkdirp": "^1.0.3",
        "yallist": "^4.0.0"
      }
    },
    "ts-node": {
      "version": "8.10.2",
      "resolved": "https://registry.npm.taobao.org/ts-node/download/ts-node-8.10.2.tgz?cache=0&sync_timestamp=1598040497631&other_urls=https%3A%2F%2Fregistry.npm.taobao.org%2Fts-node%2Fdownload%2Fts-node-8.10.2.tgz",
      "integrity": "sha1-7uA3ZGM7EjTd03+NuewQt17H+40=",
      "dev": true,
      "requires": {
        "arg": "^4.1.0",
        "diff": "^4.0.1",
        "make-error": "^1.1.1",
        "source-map-support": "^0.5.17",
        "yn": "3.1.1"
      }
    },
    "turndown": {
      "version": "7.0.0",
      "resolved": "https://registry.npm.taobao.org/turndown/download/turndown-7.0.0.tgz",
      "integrity": "sha1-GbKmotHXADh6HgdmVBTkr0/sUiU=",
      "requires": {
        "domino": "^2.1.6"
      }
    },
    "typescript": {
      "version": "3.9.7",
      "resolved": "https://registry.npm.taobao.org/typescript/download/typescript-3.9.7.tgz?cache=0&sync_timestamp=1604215907084&other_urls=https%3A%2F%2Fregistry.npm.taobao.org%2Ftypescript%2Fdownload%2Ftypescript-3.9.7.tgz",
      "integrity": "sha1-mNYApevcOPQMsndSLxLcgA6eJfo="
    },
    "util-deprecate": {
      "version": "1.0.2",
      "resolved": "https://registry.npm.taobao.org/util-deprecate/download/util-deprecate-1.0.2.tgz",
      "integrity": "sha1-RQ1Nyfpw3nMnYvvS1KKJgUGaDM8="
    },
    "yallist": {
      "version": "4.0.0",
      "resolved": "https://registry.npm.taobao.org/yallist/download/yallist-4.0.0.tgz",
      "integrity": "sha1-m7knkNnA7/7GO+c1GeEaNQGaOnI="
    },
    "yn": {
      "version": "3.1.1",
      "resolved": "https://registry.npm.taobao.org/yn/download/yn-3.1.1.tgz",
      "integrity": "sha1-HodAGgnXZ8HV6rJqbkwYUYLS61A=",
      "dev": true
    }
  }
}
