{
  "name": "first-ts",
  "version": "1.0.0",
  "lockfileVersion": 1,
  "requires": true,
  "dependencies": {
    "@types/bson": {
      "version": "4.0.2",
      "resolved": "https://registry.npm.taobao.org/@types/bson/download/@types/bson-4.0.2.tgz",
      "integrity": "sha1-esy4WUL8ObvbdRXU3kN8BPaYEV8=",
      "dev": true,
      "requires": {
        "@types/node": "13.11.1"
      }
    },
    "@types/file-size": {
      "version": "1.0.0",
      "resolved": "https://registry.npm.taobao.org/@types/file-size/download/@types/file-size-1.0.0.tgz",
      "integrity": "sha1-u8qdr/ZfF1fCYB8/GDvlXMJXYwY=",
      "dev": true
    },
    "@types/minipass": {
      "version": "2.2.0",
      "resolved": "https://registry.npm.taobao.org/@types/minipass/download/@types/minipass-2.2.0.tgz",
      "integrity": "sha1-Ua1ATo6x+pYfdexhIFeWgHtvllE=",
      "requires": {
        "@types/node": "13.11.1"
      }
    },
    "@types/mongodb": {
      "version": "3.5.8",
      "resolved": "https://registry.npm.taobao.org/@types/mongodb/download/@types/mongodb-3.5.8.tgz",
      "integrity": "sha1-UZ6zQqksGyGm9Tp+8mytgyDBtv0=",
      "dev": true,
      "requires": {
        "@types/bson": "4.0.2",
        "@types/node": "13.11.1"
      }
    },
    "@types/node": {
      "version": "13.11.1",
      "resolved": "https://registry.npm.taobao.org/@types/node/download/@types/node-13.11.1.tgz?cache=0&sync_timestamp=1586804527762&other_urls=https%3A%2F%2Fregistry.npm.taobao.org%2F%40types%2Fnode%2Fdownload%2F%40types%2Fnode-13.11.1.tgz",
      "integrity": "sha1-SaKoPfnSbarOrTDQzMh2KxKNU8c="
    },
    "@types/tar": {
      "version": "4.0.3",
      "resolved": "https://registry.npm.taobao.org/@types/tar/download/@types/tar-4.0.3.tgz",
      "integrity": "sha1-4szguP9PKFKTJD9Zcb1xmRdqxIk=",
      "requires": {
        "@types/minipass": "2.2.0",
        "@types/node": "13.11.1"
      }
    },
    "arg": {
      "version": "4.1.3",
      "resolved": "https://registry.npm.taobao.org/arg/download/arg-4.1.3.tgz",
      "integrity": "sha1-Jp/HrVuOQstjyJbVZmAXJhwUQIk=",
      "dev": true
    },
    "asynckit": {
      "version": "0.4.0",
      "resolved": "https://registry.npm.taobao.org/asynckit/download/asynckit-0.4.0.tgz",
      "integrity": "sha1-x57Zf380y48robyXkLzDZkdLS3k=",
      "dev": true
    },
    "axios": {
      "version": "0.19.2",
      "resolved": "https://registry.npm.taobao.org/axios/download/axios-0.19.2.tgz",
      "integrity": "sha1-PqNsXYgY0NX4qKl6bTa4bNwAyyc=",
      "dev": true,
      "requires": {
        "follow-redirects": "1.5.10"
      }
    },
    "bindings": {
      "version": "1.5.0",
      "resolved": "https://registry.npm.taobao.org/bindings/download/bindings-1.5.0.tgz",
      "integrity": "sha1-EDU8npRTNLwFEabZCzj7x8nFBN8=",
      "requires": {
        "file-uri-to-path": "1.0.0"
      }
    },
    "bl": {
      "version": "2.2.1",
      "resolved": "https://registry.npmjs.org/bl/-/bl-2.2.1.tgz",
      "integrity": "sha512-6Pesp1w0DEX1N550i/uGV/TqucVL4AM/pgThFSN/Qq9si1/DF9aIHs1BxD8V/QU0HoeHO6cQRTAuYnLPKq1e4g==",
      "requires": {
        "readable-stream": "2.3.7",
        "safe-buffer": "5.2.0"
      }
    },
    "bson": {
      "version": "1.1.4",
      "resolved": "https://registry.npm.taobao.org/bson/download/bson-1.1.4.tgz?cache=0&sync_timestamp=1587050306035&other_urls=https%3A%2F%2Fregistry.npm.taobao.org%2Fbson%2Fdownload%2Fbson-1.1.4.tgz",
      "integrity": "sha1-92hw15nxW4VN/7fuMvCodHl/fok="
    },
    "buffer-from": {
      "version": "1.1.1",
      "resolved": "https://registry.npm.taobao.org/buffer-from/download/buffer-from-1.1.1.tgz",
      "integrity": "sha1-MnE7wCj3XAL9txDXx7zsHyxgcO8=",
      "dev": true
    },
    "chownr": {
      "version": "1.1.4",
      "resolved": "https://registry.npm.taobao.org/chownr/download/chownr-1.1.4.tgz?cache=0&other_urls=https%3A%2F%2Fregistry.npm.taobao.org%2Fchownr%2Fdownload%2Fchownr-1.1.4.tgz",
      "integrity": "sha1-b8nXtC0ypYNZYzdmbn0ICE2izGs="
    },
    "combined-stream": {
      "version": "1.0.8",
      "resolved": "https://registry.npm.taobao.org/combined-stream/download/combined-stream-1.0.8.tgz",
      "integrity": "sha1-w9RaizT9cwYxoRCoolIGgrMdWn8=",
      "dev": true,
      "requires": {
        "delayed-stream": "1.0.0"
      }
    },
    "core-util-is": {
      "version": "1.0.2",
      "resolved": "https://registry.npm.taobao.org/core-util-is/download/core-util-is-1.0.2.tgz",
      "integrity": "sha1-tf1UIgqivFq1eqtxQMlAdUUDwac="
    },
    "debug": {
      "version": "3.1.0",
      "resolved": "https://registry.npm.taobao.org/debug/download/debug-3.1.0.tgz",
      "integrity": "sha1-W7WgZyYotkFJVmuhaBnmFRjGcmE=",
      "dev": true,
      "requires": {
        "ms": "2.0.0"
      }
    },
    "delayed-stream": {
      "version": "1.0.0",
      "resolved": "https://registry.npm.taobao.org/delayed-stream/download/delayed-stream-1.0.0.tgz",
      "integrity": "sha1-3zrhmayt+31ECqrgsp4icrJOxhk=",
      "dev": true
    },
    "denque": {
      "version": "1.4.1",
      "resolved": "https://registry.npm.taobao.org/denque/download/denque-1.4.1.tgz",
      "integrity": "sha1-Z0T/dkHBSMP4ppwwflEjXB9KN88="
    },
    "diff": {
      "version": "4.0.2",
      "resolved": "https://registry.npm.taobao.org/diff/download/diff-4.0.2.tgz?cache=0&sync_timestamp=1578890967183&other_urls=https%3A%2F%2Fregistry.npm.taobao.org%2Fdiff%2Fdownload%2Fdiff-4.0.2.tgz",
      "integrity": "sha1-YPOuy4nV+uUgwRqhnvwruYKq3n0=",
      "dev": true
    },
    "file-size": {
      "version": "1.0.0",
      "resolved": "https://registry.npm.taobao.org/file-size/download/file-size-1.0.0.tgz",
      "integrity": "sha1-MzgmfV0ga79g9N9gwZ1+04E6Rlc=",
      "dev": true
    },
    "file-uri-to-path": {
      "version": "1.0.0",
      "resolved": "https://registry.npm.taobao.org/file-uri-to-path/download/file-uri-to-path-1.0.0.tgz",
      "integrity": "sha1-VTp7hEb/b2hDWcRF8eN6BdrMM90="
    },
    "follow-redirects": {
      "version": "1.5.10",
      "resolved": "https://registry.npm.taobao.org/follow-redirects/download/follow-redirects-1.5.10.tgz?cache=0&sync_timestamp=1585479417937&other_urls=https%3A%2F%2Fregistry.npm.taobao.org%2Ffollow-redirects%2Fdownload%2Ffollow-redirects-1.5.10.tgz",
      "integrity": "sha1-e3qfmuov3/NnhqlP9kPtB/T/Xio=",
      "dev": true,
      "requires": {
        "debug": "3.1.0"
      }
    },
    "form-data": {
      "version": "3.0.0",
      "resolved": "https://registry.npm.taobao.org/form-data/download/form-data-3.0.0.tgz",
      "integrity": "sha1-MbfjnIXxNVtxOe4MZHzw3n+DxoI=",
      "dev": true,
      "requires": {
        "asynckit": "0.4.0",
        "combined-stream": "1.0.8",
        "mime-types": "2.1.27"
      }
    },
    "fs-minipass": {
      "version": "2.1.0",
      "resolved": "https://registry.npm.taobao.org/fs-minipass/download/fs-minipass-2.1.0.tgz?cache=0&sync_timestamp=1579628575109&other_urls=https%3A%2F%2Fregistry.npm.taobao.org%2Ffs-minipass%2Fdownload%2Ffs-minipass-2.1.0.tgz",
      "integrity": "sha1-f1A2/b8SxjwWkZDL5BmchSJx+fs=",
      "requires": {
        "minipass": "3.1.1"
      }
    },
    "heapdump": {
      "version": "0.3.15",
      "resolved": "https://registry.npm.taobao.org/heapdump/download/heapdump-0.3.15.tgz",
      "integrity": "sha1-YxqKJYVYjqZHeNjsgKZMbAJfagg=",
      "requires": {
        "nan": "2.14.0"
      }
    },
    "inherits": {
      "version": "2.0.4",
      "resolved": "https://registry.npm.taobao.org/inherits/download/inherits-2.0.4.tgz",
      "integrity": "sha1-D6LGT5MpF8NDOg3tVTY6rjdBa3w="
    },
    "isarray": {
      "version": "1.0.0",
      "resolved": "https://registry.npm.taobao.org/isarray/download/isarray-1.0.0.tgz",
      "integrity": "sha1-u5NdSFgsuhaMBoNJV6VKPgcSTxE="
    },
    "make-error": {
      "version": "1.3.6",
      "resolved": "https://registry.npm.taobao.org/make-error/download/make-error-1.3.6.tgz",
      "integrity": "sha1-LrLjfqm2fEiR9oShOUeZr0hM96I=",
      "dev": true
    },
    "memory-pager": {
      "version": "1.5.0",
      "resolved": "https://registry.npm.taobao.org/memory-pager/download/memory-pager-1.5.0.tgz",
      "integrity": "sha1-2HUWVdItOEaCdByXLyw9bfo+ZrU=",
      "optional": true
    },
    "mime": {
      "version": "2.4.5",
      "resolved": "https://registry.npm.taobao.org/mime/download/mime-2.4.5.tgz",
      "integrity": "sha1-2N4uy5KYLe27ZUHJtoQdfyGOoAk=",
      "dev": true
    },
    "mime-db": {
      "version": "1.44.0",
      "resolved": "https://registry.npm.taobao.org/mime-db/download/mime-db-1.44.0.tgz?cache=0&sync_timestamp=1587603342053&other_urls=https%3A%2F%2Fregistry.npm.taobao.org%2Fmime-db%2Fdownload%2Fmime-db-1.44.0.tgz",
      "integrity": "sha1-+hHF6wrKEzS0Izy01S8QxaYnL5I=",
      "dev": true
    },
    "mime-types": {
      "version": "2.1.27",
      "resolved": "https://registry.npm.taobao.org/mime-types/download/mime-types-2.1.27.tgz",
      "integrity": "sha1-R5SfmOJ56lMRn1ci4PNOUpvsAJ8=",
      "dev": true,
      "requires": {
        "mime-db": "1.44.0"
      }
    },
    "minipass": {
      "version": "3.1.1",
      "resolved": "https://registry.npm.taobao.org/minipass/download/minipass-3.1.1.tgz",
      "integrity": "sha1-dgfOd4RyoYWtbYkIKqIHD3nO3NU=",
      "requires": {
        "yallist": "4.0.0"
      }
    },
    "minizlib": {
      "version": "2.1.0",
      "resolved": "https://registry.npm.taobao.org/minizlib/download/minizlib-2.1.0.tgz",
      "integrity": "sha1-/VLGRTAe8JpjosIJaXwpTGzgLPM=",
      "requires": {
        "minipass": "3.1.1",
        "yallist": "4.0.0"
      }
    },
    "mkdirp": {
      "version": "1.0.4",
      "resolved": "https://registry.npm.taobao.org/mkdirp/download/mkdirp-1.0.4.tgz?cache=0&sync_timestamp=1587535418745&other_urls=https%3A%2F%2Fregistry.npm.taobao.org%2Fmkdirp%2Fdownload%2Fmkdirp-1.0.4.tgz",
      "integrity": "sha1-PrXtYmInVteaXw4qIh3+utdcL34="
    },
    "mongodb": {
      "version": "3.5.6",
      "resolved": "https://registry.npm.taobao.org/mongodb/download/mongodb-3.5.6.tgz",
      "integrity": "sha1-ob4tl5bIqKWw5ry8a6qqQGvVwNU=",
      "requires": {
        "bl": "2.2.1",
        "bson": "1.1.4",
        "denque": "1.4.1",
        "require_optional": "1.0.1",
        "safe-buffer": "5.2.0",
        "saslprep": "1.0.3"
      }
    },
    "ms": {
      "version": "2.0.0",
      "resolved": "https://registry.npm.taobao.org/ms/download/ms-2.0.0.tgz",
      "integrity": "sha1-VgiurfwAvmwpAd9fmGF4jeDVl8g=",
      "dev": true
    },
    "nan": {
      "version": "2.14.0",
      "resolved": "https://registry.npm.taobao.org/nan/download/nan-2.14.0.tgz",
      "integrity": "sha1-eBj3IgJ7JFmobwKV1DTR/CM2xSw="
    },
    "node-rdkafka": {
      "version": "2.9.1",
      "resolved": "https://registry.npm.taobao.org/node-rdkafka/download/node-rdkafka-2.9.1.tgz",
      "integrity": "sha1-rHEbx4Rcyx3oc5Gux/J/aD0mUUk=",
      "requires": {
        "bindings": "1.5.0",
        "nan": "2.14.0"
      }
    },
    "process-nextick-args": {
      "version": "2.0.1",
      "resolved": "https://registry.npm.taobao.org/process-nextick-args/download/process-nextick-args-2.0.1.tgz",
      "integrity": "sha1-eCDZsWEgzFXKmud5JoCufbptf+I="
    },
    "readable-stream": {
      "version": "2.3.7",
      "resolved": "https://registry.npm.taobao.org/readable-stream/download/readable-stream-2.3.7.tgz?cache=0&sync_timestamp=1581624324274&other_urls=https%3A%2F%2Fregistry.npm.taobao.org%2Freadable-stream%2Fdownload%2Freadable-stream-2.3.7.tgz",
      "integrity": "sha1-Hsoc9xGu+BTAT2IlKjamL2yyO1c=",
      "requires": {
        "core-util-is": "1.0.2",
        "inherits": "2.0.4",
        "isarray": "1.0.0",
        "process-nextick-args": "2.0.1",
        "safe-buffer": "5.1.2",
        "string_decoder": "1.1.1",
        "util-deprecate": "1.0.2"
      },
      "dependencies": {
        "safe-buffer": {
          "version": "5.1.2",
          "resolved": "https://registry.npm.taobao.org/safe-buffer/download/safe-buffer-5.1.2.tgz",
          "integrity": "sha1-mR7GnSluAxN0fVm9/St0XDX4go0="
        }
      }
    },
    "require_optional": {
      "version": "1.0.1",
      "resolved": "https://registry.npm.taobao.org/require_optional/download/require_optional-1.0.1.tgz",
      "integrity": "sha1-TPNaQkf2TKPfjC7yCMxJSxyo/C4=",
      "requires": {
        "resolve-from": "2.0.0",
        "semver": "5.7.1"
      }
    },
    "resolve-from": {
      "version": "2.0.0",
      "resolved": "https://registry.npm.taobao.org/resolve-from/download/resolve-from-2.0.0.tgz",
      "integrity": "sha1-lICrIOlP+h2egKgEx+oUdhGWa1c="
    },
    "safe-buffer": {
      "version": "5.2.0",
      "resolved": "https://registry.npm.taobao.org/safe-buffer/download/safe-buffer-5.2.0.tgz",
      "integrity": "sha1-t02uxJsRSPiMZLaNSbHoFcHy9Rk="
    },
    "saslprep": {
      "version": "1.0.3",
      "resolved": "https://registry.npm.taobao.org/saslprep/download/saslprep-1.0.3.tgz",
      "integrity": "sha1-TAL5RrVs9UKX40e6EJPnrKxM8iY=",
      "optional": true,
      "requires": {
        "sparse-bitfield": "3.0.3"
      }
    },
    "semver": {
      "version": "5.7.1",
      "resolved": "https://registry.npm.taobao.org/semver/download/semver-5.7.1.tgz",
      "integrity": "sha1-qVT5Ma66UI0we78Gnv8MAclhFvc="
    },
    "source-map": {
      "version": "0.6.1",
      "resolved": "https://registry.npm.taobao.org/source-map/download/source-map-0.6.1.tgz?cache=0&sync_timestamp=1571657176668&other_urls=https%3A%2F%2Fregistry.npm.taobao.org%2Fsource-map%2Fdownload%2Fsource-map-0.6.1.tgz",
      "integrity": "sha1-dHIq8y6WFOnCh6jQu95IteLxomM=",
      "dev": true
    },
    "source-map-support": {
      "version": "0.5.16",
      "resolved": "https://registry.npm.taobao.org/source-map-support/download/source-map-support-0.5.16.tgz?cache=0&sync_timestamp=1572389965235&other_urls=https%3A%2F%2Fregistry.npm.taobao.org%2Fsource-map-support%2Fdownload%2Fsource-map-support-0.5.16.tgz",
      "integrity": "sha1-CuBp5/47p1OMZMmFFeNTOerFoEI=",
      "dev": true,
      "requires": {
        "buffer-from": "1.1.1",
        "source-map": "0.6.1"
      }
    },
    "sparse-bitfield": {
      "version": "3.0.3",
      "resolved": "https://registry.npm.taobao.org/sparse-bitfield/download/sparse-bitfield-3.0.3.tgz",
      "integrity": "sha1-/0rm5oZWBWuks+eSqzM004JzyhE=",
      "optional": true,
      "requires": {
        "memory-pager": "1.5.0"
      }
    },
    "string_decoder": {
      "version": "1.1.1",
      "resolved": "https://registry.npm.taobao.org/string_decoder/download/string_decoder-1.1.1.tgz",
      "integrity": "sha1-nPFhG6YmhdcDCunkujQUnDrwP8g=",
      "requires": {
        "safe-buffer": "5.1.2"
      },
      "dependencies": {
        "safe-buffer": {
          "version": "5.1.2",
          "resolved": "https://registry.npm.taobao.org/safe-buffer/download/safe-buffer-5.1.2.tgz",
          "integrity": "sha1-mR7GnSluAxN0fVm9/St0XDX4go0="
        }
      }
    },
    "tar": {
      "version": "6.0.1",
      "resolved": "https://registry.npm.taobao.org/tar/download/tar-6.0.1.tgz?cache=0&other_urls=https%3A%2F%2Fregistry.npm.taobao.org%2Ftar%2Fdownload%2Ftar-6.0.1.tgz",
      "integrity": "sha1-ezvWwxPLbgFTdwEI+NcKwphgfvo=",
      "requires": {
        "chownr": "1.1.4",
        "fs-minipass": "2.1.0",
        "minipass": "3.1.1",
        "minizlib": "2.1.0",
        "mkdirp": "1.0.4",
        "yallist": "4.0.0"
      }
    },
    "ts-node": {
      "version": "8.8.2",
      "resolved": "https://registry.npm.taobao.org/ts-node/download/ts-node-8.8.2.tgz?cache=0&sync_timestamp=1586050558902&other_urls=https%3A%2F%2Fregistry.npm.taobao.org%2Fts-node%2Fdownload%2Fts-node-8.8.2.tgz",
      "integrity": "sha1-CznmkL7jnqURFROp0rzcC8EhdV8=",
      "dev": true,
      "requires": {
        "arg": "4.1.3",
        "diff": "4.0.2",
        "make-error": "1.3.6",
        "source-map-support": "0.5.16",
        "yn": "3.1.1"
      }
    },
    "typescript": {
      "version": "3.8.3",
      "resolved": "https://registry.npm.taobao.org/typescript/download/typescript-3.8.3.tgz",
      "integrity": "sha1-QJ64VE6gM1cRIFhp7EWKsQnuEGE="
    },
    "util-deprecate": {
      "version": "1.0.2",
      "resolved": "https://registry.npm.taobao.org/util-deprecate/download/util-deprecate-1.0.2.tgz",
      "integrity": "sha1-RQ1Nyfpw3nMnYvvS1KKJgUGaDM8="
    },
    "yallist": {
      "version": "4.0.0",
      "resolved": "https://registry.npm.taobao.org/yallist/download/yallist-4.0.0.tgz",
      "integrity": "sha1-m7knkNnA7/7GO+c1GeEaNQGaOnI="
    },
    "yn": {
      "version": "3.1.1",
      "resolved": "https://registry.npm.taobao.org/yn/download/yn-3.1.1.tgz",
      "integrity": "sha1-HodAGgnXZ8HV6rJqbkwYUYLS61A=",
      "dev": true
    }
  }
}
